hash: 24508b3efb2416511eefab44b4a7cd9f4feecec0ff32a07b6ff514e3684ff9b1
updated: 2017-03-22T07:02:22.358730365-06:00
imports:
- name: github.com/agl/ed25519
  version: 278e1ec8e8a6e017cd07577924d6766039146ced
  subpackages:
  - edwards25519
- name: github.com/dgrijalva/jwt-go
  version: d2709f9f1f31ebcda9651b03077758c1f3a0018c
- name: github.com/ebfe/bcrypt_pbkdf
  version: 3c8d2dcb253a13078b655a02b8e4bdc0e2b1fe35
  subpackages:
  - blowfish
- name: github.com/ebfe/signify
  version: c493ab32499badf2c2de3e97cef50a5f3c0c778e
- name: github.com/gorilla/context
  version: 08b5f424b9271eedf6f9f0ce86cb9396ed337a42
- name: github.com/gorilla/csrf
  version: 69581736821c33d85bbf378f42f6ad864dbd85de
- name: github.com/gorilla/feeds
  version: 441264de03a8117ed530ae8e049d8f601a33a099
- name: github.com/gorilla/handlers
  version: 3a5767ca75ece5f7f1440b1d16975247f8d8b221
- name: github.com/gorilla/mux
  version: 392c28fe23e1c45ddba891b0320b3b5df220beea
- name: github.com/gorilla/securecookie
  version: c13558c2b1c44da35e0eb043053609a5ba3a1f19
- name: github.com/gorilla/sessions
  version: ca9ada44574153444b00d3fd9c8559e4cc95f896
- name: github.com/lib/pq
  version: 80f8150043c80fb52dee6bc863a709cdac7ec8f8
  subpackages:
  - oid
- name: github.com/microcosm-cc/bluemonday
  version: 9dc199233bf72cc1aad9b61f73daf2f0075b9ee4
- name: github.com/pkg/errors
  version: 17b591df37844cde689f4d5813e5cea0927d8dd2
- name: github.com/qbit/pgenv
  version: 64ee9b68f79a5694f6dee5f968126c3b8cc1bf98
- name: github.com/russross/blackfriday
  version: 0b647d0506a698cca42caca173e55559b12a69f2
- name: github.com/shurcooL/sanitized_anchor_name
  version: 10ef21a441db47d8b13ebcc5fd2310f636973c77
- name: golang.org/x/net
  version: 7394c112eae4dba7e96bfcfe738e6373d61772b4
  subpackages:
  - html
  - html/atom
testImports: []
